[[package]]
name = "boto3"
version = "1.22.12"
description = "The AWS SDK for Python"
category = "main"
optional = false
python-versions = ">= 3.6"

[package.dependencies]
botocore = ">=1.25.12,<1.26.0"
jmespath = ">=0.7.1,<2.0.0"
s3transfer = ">=0.5.0,<0.6.0"

[package.extras]
crt = ["botocore[crt] (>=1.21.0,<2.0a0)"]

[[package]]
name = "botocore"
version = "1.25.12"
description = "Low-level, data-driven core of boto 3."
category = "main"
optional = false
python-versions = ">= 3.6"

[package.dependencies]
jmespath = ">=0.7.1,<2.0.0"
python-dateutil = ">=2.1,<3.0.0"
urllib3 = ">=1.25.4,<1.27"

[package.extras]
crt = ["awscrt (==0.13.8)"]

[[package]]
name = "filechunkio"
version = "1.8"
description = "FileChunkIO represents a chunk of an OS-level file containing bytes data"
category = "main"
optional = false
python-versions = "*"

[[package]]
name = "jmespath"
version = "1.0.0"
description = "JSON Matching Expressions"
category = "main"
optional = false
python-versions = ">=3.7"

[[package]]
name = "pymssql"
version = "2.1.5"
description = "DB-API interface to Microsoft SQL Server for Python. (new Cython-based version)"
category = "main"
optional = false
python-versions = "*"

[[package]]
name = "python-dateutil"
version = "2.8.2"
description = "Extensions to the standard Python datetime module"
category = "main"
optional = false
python-versions = "!=3.0.*,!=3.1.*,!=3.2.*,>=2.7"

[package.dependencies]
six = ">=1.5"

[[package]]
name = "pywin32"
version = "304"
description = "Python for Window Extensions"
category = "main"
optional = false
python-versions = "*"

[[package]]
name = "s3transfer"
version = "0.5.2"
description = "An Amazon S3 Transfer Manager"
category = "main"
optional = false
python-versions = ">= 3.6"

[package.dependencies]
botocore = ">=1.12.36,<2.0a.0"

[package.extras]
crt = ["botocore[crt] (>=1.20.29,<2.0a.0)"]

[[package]]
name = "six"
version = "1.16.0"
description = "Python 2 and 3 compatibility utilities"
category = "main"
optional = false
python-versions = ">=2.7, !=3.0.*, !=3.1.*, !=3.2.*"

[[package]]
name = "urllib3"
version = "1.26.9"
description = "HTTP library with thread-safe connection pooling, file post, and more."
category = "main"
optional = false
python-versions = ">=2.7, !=3.0.*, !=3.1.*, !=3.2.*, !=3.3.*, !=3.4.*, <4"

[package.extras]
brotli = ["brotlicffi (>=0.8.0)", "brotli (>=1.0.9)", "brotlipy (>=0.6.0)"]
secure = ["pyOpenSSL (>=0.14)", "cryptography (>=1.3.4)", "idna (>=2.0.0)", "certifi", "ipaddress"]
socks = ["PySocks (>=1.5.6,!=1.5.7,<2.0)"]

[metadata]
lock-version = "1.1"
python-versions = "^3.7"
content-hash = "54a02865812fe232cad3740bf97d9b2d752ce0eb9cc8d48c24db0de1180fe9d7"

[metadata.files]
boto3 = [
    {file = "boto3-1.22.12-py3-none-any.whl", hash = "sha256:9830d7f8748c164a3f0929d8a0c5bb313cc62d7cf69ce55617108bed451a8520"},
    {file = "boto3-1.22.12.tar.gz", hash = "sha256:4b3a49abf7a5f7cdd82714a3ae356a9a8ce12a668e014c5fc68454aa1e2fc0cb"},
]
botocore = [
    {file = "botocore-1.25.12-py3-none-any.whl", hash = "sha256:53e19890124be45e47ec4f7ffdaf587343d375dbd7c7a501e55aeff80680fec0"},
    {file = "botocore-1.25.12.tar.gz", hash = "sha256:e2fc586fdc0b54c08fc509e906e87fb358b9f5607b12f526f995ee74a4a4bcd3"},
]
filechunkio = [
    {file = "filechunkio-1.8.tar.gz", hash = "sha256:c8540c2d27e851d3a475b2e14ac109d66c777dd43ab67031891c826e82026745"},
]
jmespath = [
    {file = "jmespath-1.0.0-py3-none-any.whl", hash = "sha256:e8dcd576ed616f14ec02eed0005c85973b5890083313860136657e24784e4c04"},
    {file = "jmespath-1.0.0.tar.gz", hash = "sha256:a490e280edd1f57d6de88636992d05b71e97d69a26a19f058ecf7d304474bf5e"},
]
pymssql = [
    {file = "pymssql-2.1.5-cp27-cp27m-macosx_10_14_x86_64.whl", hash = "sha256:cff8e775fb6294effeb716735bfd7707e79a2a79b617d0f1984bd574f26bda65"},
    {file = "pymssql-2.1.5-cp27-cp27m-manylinux1_i686.whl", hash = "sha256:c47c093cc4dc60e3356458c8e2935bab3834cea1f94a66c8ca62a5af2f060d64"},
    {file = "pymssql-2.1.5-cp27-cp27m-manylinux1_x86_64.whl", hash = "sha256:658b4ea09050c85c6be09e1371335198b9441d2b5b08ef4f0b250ee4e5e8afc3"},
    {file = "pymssql-2.1.5-cp27-cp27m-win32.whl", hash = "sha256:f36392e1874445d7cb67b928686ad424b0b3980282512b21f640828ad3adf968"},
    {file = "pymssql-2.1.5-cp27-cp27m-win_amd64.whl", hash = "sha256:4fd4991eee848a4fd7d0b19a24fe49b508633881e221004652ab15a7e4cfe041"},
    {file = "pymssql-2.1.5-cp27-cp27mu-manylinux1_i686.whl", hash = "sha256:cfd9ae0484056e46b981b7c3893ddb620ccd52f48349bada78cb141192dfbfbe"},
    {file = "pymssql-2.1.5-cp27-cp27mu-manylinux1_x86_64.whl", hash = "sha256:36539e42e8bb33018a05f9bd524b5a76286132ab7c82bfe9b60c4169d460fdf5"},
    {file = "pymssql-2.1.5-cp35-cp35m-manylinux1_i686.whl", hash = "sha256:18b6550a02b34e88134b4b70eedcc6982036e459b0c91c7dd248bb1926287264"},
    {file = "pymssql-2.1.5-cp35-cp35m-manylinux1_x86_64.whl", hash = "sha256:c7a715c0b2b3a37462a9cf7972ed9ef0be98b2c64aebd549359f08af7f53b9a9"},
    {file = "pymssql-2.1.5-cp35-cp35m-win32.whl", hash = "sha256:e4741c6ec0483dcadb8a63077a7ceb17f263d9815ea842fed6663508c8852d7f"},
    {file = "pymssql-2.1.5-cp35-cp35m-win_amd64.whl", hash = "sha256:3e077455a11fcb4cb8705cb3ae83236b8e130df9fd4186c707d638e8e43f9646"},
    {file = "pymssql-2.1.5-cp36-cp36m-macosx_10_14_x86_64.whl", hash = "sha256:0ff55a944ee7506a5e9aef7b40f0cddabc0b61f9ba13d716bff5a308923b8111"},
    {file = "pymssql-2.1.5-cp36-cp36m-manylinux1_i686.whl", hash = "sha256:3bdbeca64af7856923b7f84ed3355e2fd00bb1b897877b0bd4a74ec638801d52"},
    {file = "pymssql-2.1.5-cp36-cp36m-manylinux1_x86_64.whl", hash = "sha256:dfc764a5a07197d742da34a593578295e9f8b64bb035c07e0981961672e18c85"},
    {file = "pymssql-2.1.5-cp36-cp36m-win32.whl", hash = "sha256:4f6d4434c29b846f491f5236daf06175f1652953d1d162be0f1b2b037bcf9a8d"},
    {file = "pymssql-2.1.5-cp36-cp36m-win_amd64.whl", hash = "sha256:aad5a1218691f83a16bab6dcfa24abf9da796abf5bf168a41972fe1cf93b3e37"},
    {file = "pymssql-2.1.5-cp37-cp37m-macosx_10_14_x86_64.whl", hash = "sha256:1682ead549dcec31f3b8cc47da429572ea1c4b106cb4fa91df884f968123af93"},
    {file = "pymssql-2.1.5-cp37-cp37m-manylinux1_i686.whl", hash = "sha256:ec28c73afde96def469c581208903cf035923dc6313b6916f80cbcc71f9413d1"},
    {file = "pymssql-2.1.5-cp37-cp37m-manylinux1_x86_64.whl", hash = "sha256:fcf98e2c7cf18fa2fa09cdb7220849cd02e7b9481cb81ccdd8940da438f58d85"},
    {file = "pymssql-2.1.5-cp37-cp37m-win32.whl", hash = "sha256:1e8d8abab391559b70f5df97fb22fc1d9ea627edcb943e558bdc7d7f455f93e2"},
    {file = "pymssql-2.1.5-cp37-cp37m-win_amd64.whl", hash = "sha256:e19a59eb8115418c3debcc9b685b2138d0abe6c9cb8c00bc2e738eb744bc6bda"},
    {file = "pymssql-2.1.5-cp38-cp38-macosx_10_14_x86_64.whl", hash = "sha256:2108114e4cc34ebbb8031df3e5579320e7569d51cd5094c5ddc333bf749d09a0"},
    {file = "pymssql-2.1.5-cp38-cp38-manylinux1_i686.whl", hash = "sha256:3977b056c5db8d01e74d88417cbb48e3e8bf03ab09ca6ef53790d025eae543df"},
    {file = "pymssql-2.1.5-cp38-cp38-manylinux1_x86_64.whl", hash = "sha256:d0f8094330523b8e4763a6903151bc35069309ccb57c61f87eeaa910a34f5a35"},
    {file = "pymssql-2.1.5-cp38-cp38-win32.whl", hash = "sha256:10f9b5b033eb30a38f4b36144eb4583fd478fd30afa9d64cd9a1965d22740446"},
    {file = "pymssql-2.1.5-cp38-cp38-win_amd64.whl", hash = "sha256:557719b3ebc4617543de52eaadcdb6779f0c850e95b07be5f9775a2ef6a6c61f"},
    {file = "pymssql-2.1.5-cp39-cp39-manylinux1_i686.whl", hash = "sha256:04aab92d5a1a5d4e01a0797a939f103f02c0ef777bc8dcf1e952ed30dd1d43d4"},
    {file = "pymssql-2.1.5-cp39-cp39-manylinux1_x86_64.whl", hash = "sha256:70a5c67759254e982368c5b9ccfe076447a7fd545b8376eb62d60c3b85e3b94d"},
    {file = "pymssql-2.1.5.tar.gz", hash = "sha256:d60f5f90337399668e10ab6a23a1657f190c9585401eb96a5456261f7c414864"},
]
python-dateutil = [
    {file = "python-dateutil-2.8.2.tar.gz", hash = "sha256:0123cacc1627ae19ddf3c27a5de5bd67ee4586fbdd6440d9748f8abb483d3e86"},
    {file = "python_dateutil-2.8.2-py2.py3-none-any.whl", hash = "sha256:961d03dc3453ebbc59dbdea9e4e11c5651520a876d0f4db161e8674aae935da9"},
]
pywin32 = [
    {file = "pywin32-304-cp310-cp310-win32.whl", hash = "sha256:3c7bacf5e24298c86314f03fa20e16558a4e4138fc34615d7de4070c23e65af3"},
    {file = "pywin32-304-cp310-cp310-win_amd64.whl", hash = "sha256:4f32145913a2447736dad62495199a8e280a77a0ca662daa2332acf849f0be48"},
    {file = "pywin32-304-cp310-cp310-win_arm64.whl", hash = "sha256:d3ee45adff48e0551d1aa60d2ec066fec006083b791f5c3527c40cd8aefac71f"},
    {file = "pywin32-304-cp311-cp311-win32.whl", hash = "sha256:30c53d6ce44c12a316a06c153ea74152d3b1342610f1b99d40ba2795e5af0269"},
    {file = "pywin32-304-cp311-cp311-win_amd64.whl", hash = "sha256:7ffa0c0fa4ae4077e8b8aa73800540ef8c24530057768c3ac57c609f99a14fd4"},
    {file = "pywin32-304-cp311-cp311-win_arm64.whl", hash = "sha256:cbbe34dad39bdbaa2889a424d28752f1b4971939b14b1bb48cbf0182a3bcfc43"},
    {file = "pywin32-304-cp36-cp36m-win32.whl", hash = "sha256:be253e7b14bc601718f014d2832e4c18a5b023cbe72db826da63df76b77507a1"},
    {file = "pywin32-304-cp36-cp36m-win_amd64.whl", hash = "sha256:de9827c23321dcf43d2f288f09f3b6d772fee11e809015bdae9e69fe13213988"},
    {file = "pywin32-304-cp37-cp37m-win32.whl", hash = "sha256:f64c0377cf01b61bd5e76c25e1480ca8ab3b73f0c4add50538d332afdf8f69c5"},
    {file = "pywin32-304-cp37-cp37m-win_amd64.whl", hash = "sha256:bb2ea2aa81e96eee6a6b79d87e1d1648d3f8b87f9a64499e0b92b30d141e76df"},
    {file = "pywin32-304-cp38-cp38-win32.whl", hash = "sha256:94037b5259701988954931333aafd39cf897e990852115656b014ce72e052e96"},
    {file = "pywin32-304-cp38-cp38-win_amd64.whl", hash = "sha256:ead865a2e179b30fb717831f73cf4373401fc62fbc3455a0889a7ddac848f83e"},
    {file = "pywin32-304-cp39-cp39-win32.whl", hash = "sha256:25746d841201fd9f96b648a248f731c1dec851c9a08b8e33da8b56148e4c65cc"},
    {file = "pywin32-304-cp39-cp39-win_amd64.whl", hash = "sha256:d24a3382f013b21aa24a5cfbfad5a2cd9926610c0affde3e8ab5b3d7dbcf4ac9"},
]
s3transfer = [
    {file = "s3transfer-0.5.2-py3-none-any.whl", hash = "sha256:7a6f4c4d1fdb9a2b640244008e142cbc2cd3ae34b386584ef044dd0f27101971"},
    {file = "s3transfer-0.5.2.tar.gz", hash = "sha256:95c58c194ce657a5f4fb0b9e60a84968c808888aed628cd98ab8771fe1db98ed"},
]
six = [
    {file = "six-1.16.0-py2.py3-none-any.whl", hash = "sha256:8abb2f1d86890a2dfb989f9a77cfcfd3e47c2a354b01111771326f8aa26e0254"},
    {file = "six-1.16.0.tar.gz", hash = "sha256:1e61c37477a1626458e36f7b1d82aa5c9b094fa4802892072e49de9c60c4c926"},
]
urllib3 = [
    {file = "urllib3-1.26.9-py2.py3-none-any.whl", hash = "sha256:44ece4d53fb1706f667c9bd1c648f5469a2ec925fcf3a776667042d645472c14"},
    {file = "urllib3-1.26.9.tar.gz", hash = "sha256:aabaf16477806a5e1dd19aa41f8c2b7950dd3c746362d7e3223dbe6de6ac448e"},
]
